
Microsoft Visual Studio Solution File, Format Version 12.00
# Visual Studio Version 16
VisualStudioVersion = 16.0.29326.143
MinimumVisualStudioVersion = 10.0.40219.1
Project("{9A19103F-16F7-4668-BE54-9A1E7A4F7556}") = "TestingExample", "TestingExample\TestingExample.csproj", "{930F1EEB-5BF7-4B4C-88AF-B84D3B087F08}"
EndProject
Project("{FAE04EC0-301F-11D3-BF4B-00C04F79EFBC}") = "TestingExampleTests", "TestingExampleTests\TestingExampleTests.csproj", "{3C9FAD1B-19AC-4F0B-8EAD-DE7862443BE0}"
EndProject
Global
	GlobalSection(SolutionConfigurationPlatforms) = preSolution
		Debug|Any CPU = Debug|Any CPU
		Release|Any CPU = Release|Any CPU
	EndGlobalSection
	GlobalSection(ProjectConfigurationPlatforms) = postSolution
		{930F1EEB-5BF7-4B4C-88AF-B84D3B087F08}.Debug|Any CPU.ActiveCfg = Debug|Any CPU
		{930F1EEB-5BF7-4B4C-88AF-B84D3B087F08}.Debug|Any CPU.Build.0 = Debug|Any CPU
		{930F1EEB-5BF7-4B4C-88AF-B84D3B087F08}.Release|Any CPU.ActiveCfg = Release|Any CPU
		{930F1EEB-5BF7-4B4C-88AF-B84D3B087F08}.Release|Any CPU.Build.0 = Release|Any CPU
		{3C9FAD1B-19AC-4F0B-8EAD-DE7862443BE0}.Debug|Any CPU.ActiveCfg = Debug|Any CPU
		{3C9FAD1B-19AC-4F0B-8EAD-DE7862443BE0}.Debug|Any CPU.Build.0 = Debug|Any CPU
		{3C9FAD1B-19AC-4F0B-8EAD-DE7862443BE0}.Release|Any CPU.ActiveCfg = Release|Any CPU
		{3C9FAD1B-19AC-4F0B-8EAD-DE7862443BE0}.Release|Any CPU.Build.0 = Release|Any CPU
	EndGlobalSection
	GlobalSection(SolutionProperties) = preSolution
		HideSolutionNode = FALSE
	EndGlobalSection
	GlobalSection(ExtensibilityGlobals) = postSolution
		SolutionGuid = {65E327E6-8E1F-4AFF-9F3F-4C1C6960A92B}
	EndGlobalSection
EndGlobal
